
Microsoft Visual Studio Solution File, Format Version 12.00
# Visual Studio 2013
VisualStudioVersion = 12.0.31101.0
MinimumVisualStudioVersion = 10.0.40219.1
Project("{FAE04EC0-301F-11D3-BF4B-00C04F79EFBC}") = "Selkie.Common", "Selkie.Common\Selkie.Common.csproj", "{6550E78F-ED3C-4027-BC67-AF4766804F13}"
EndProject
Project("{FAE04EC0-301F-11D3-BF4B-00C04F79EFBC}") = "NuGet.Selkie.Common", "NuGet.Selkie.Common\NuGet.Selkie.Common.csproj", "{0451BAEF-DF2E-4B98-8644-94EE9415E389}"
	ProjectSection(ProjectDependencies) = postProject
		{6550E78F-ED3C-4027-BC67-AF4766804F13} = {6550E78F-ED3C-4027-BC67-AF4766804F13}
	EndProjectSection
EndProject
Project("{2150E333-8FDC-42A3-9474-1A3956D46DE8}") = ".nuget", ".nuget", "{0B10822D-E193-48FC-BBD4-274F0E6067A1}"
	ProjectSection(SolutionItems) = preProject
		.nuget\NuGet.Config = .nuget\NuGet.Config
	EndProjectSection
EndProject
Project("{FAE04EC0-301F-11D3-BF4B-00C04F79EFBC}") = "Selkie.Common.Examples", "Selkie.Common.Examples\Selkie.Common.Examples.csproj", "{CF984BF1-78FA-491F-B884-8455235C81AF}"
EndProject
Global
	GlobalSection(SolutionConfigurationPlatforms) = preSolution
		Debug|Any CPU = Debug|Any CPU
		Release|Any CPU = Release|Any CPU
	EndGlobalSection
	GlobalSection(ProjectConfigurationPlatforms) = postSolution
		{6550E78F-ED3C-4027-BC67-AF4766804F13}.Debug|Any CPU.ActiveCfg = Debug|Any CPU
		{6550E78F-ED3C-4027-BC67-AF4766804F13}.Debug|Any CPU.Build.0 = Debug|Any CPU
		{6550E78F-ED3C-4027-BC67-AF4766804F13}.Release|Any CPU.ActiveCfg = Release|Any CPU
		{6550E78F-ED3C-4027-BC67-AF4766804F13}.Release|Any CPU.Build.0 = Release|Any CPU
		{0451BAEF-DF2E-4B98-8644-94EE9415E389}.Debug|Any CPU.ActiveCfg = Debug|Any CPU
		{0451BAEF-DF2E-4B98-8644-94EE9415E389}.Debug|Any CPU.Build.0 = Debug|Any CPU
		{0451BAEF-DF2E-4B98-8644-94EE9415E389}.Release|Any CPU.ActiveCfg = Release|Any CPU
		{0451BAEF-DF2E-4B98-8644-94EE9415E389}.Release|Any CPU.Build.0 = Release|Any CPU
		{CF984BF1-78FA-491F-B884-8455235C81AF}.Debug|Any CPU.ActiveCfg = Debug|Any CPU
		{CF984BF1-78FA-491F-B884-8455235C81AF}.Debug|Any CPU.Build.0 = Debug|Any CPU
		{CF984BF1-78FA-491F-B884-8455235C81AF}.Release|Any CPU.ActiveCfg = Release|Any CPU
		{CF984BF1-78FA-491F-B884-8455235C81AF}.Release|Any CPU.Build.0 = Release|Any CPU
	EndGlobalSection
	GlobalSection(SolutionProperties) = preSolution
		HideSolutionNode = FALSE
	EndGlobalSection
EndGlobal
